
Microsoft Visual Studio Solution File, Format Version 12.00
# Visual Studio 2012
Project("{FAE04EC0-301F-11D3-BF4B-00C04F79EFBC}") = "test2", "test2\test2.csproj", "{67DBE533-24D2-4665-A597-35D33191720F}"
EndProject
Project("{FAE04EC0-301F-11D3-BF4B-00C04F79EFBC}") = "test2.iOS", "test2.iOS\test2.iOS.csproj", "{F4D1C89B-DDF1-485E-B9AC-25612EFCF081}"
EndProject
Project("{FAE04EC0-301F-11D3-BF4B-00C04F79EFBC}") = "test2.Droid", "test2.Droid\test2.Droid.csproj", "{F117B779-1DC7-4DF7-AE66-7670046CA49D}"
EndProject
Global
	GlobalSection(SolutionConfigurationPlatforms) = preSolution
		Debug|Any CPU = Debug|Any CPU
		Release|Any CPU = Release|Any CPU
		Debug|iPhoneSimulator = Debug|iPhoneSimulator
		Release|iPhone = Release|iPhone
		Release|iPhoneSimulator = Release|iPhoneSimulator
		Debug|iPhone = Debug|iPhone
	EndGlobalSection
	GlobalSection(ProjectConfigurationPlatforms) = postSolution
		{67DBE533-24D2-4665-A597-35D33191720F}.Debug|Any CPU.ActiveCfg = Debug|Any CPU
		{67DBE533-24D2-4665-A597-35D33191720F}.Debug|Any CPU.Build.0 = Debug|Any CPU
		{67DBE533-24D2-4665-A597-35D33191720F}.Release|Any CPU.ActiveCfg = Release|Any CPU
		{67DBE533-24D2-4665-A597-35D33191720F}.Release|Any CPU.Build.0 = Release|Any CPU
		{67DBE533-24D2-4665-A597-35D33191720F}.Debug|iPhoneSimulator.ActiveCfg = Debug|Any CPU
		{67DBE533-24D2-4665-A597-35D33191720F}.Debug|iPhoneSimulator.Build.0 = Debug|Any CPU
		{67DBE533-24D2-4665-A597-35D33191720F}.Release|iPhone.ActiveCfg = Release|Any CPU
		{67DBE533-24D2-4665-A597-35D33191720F}.Release|iPhone.Build.0 = Release|Any CPU
		{67DBE533-24D2-4665-A597-35D33191720F}.Release|iPhoneSimulator.ActiveCfg = Release|Any CPU
		{67DBE533-24D2-4665-A597-35D33191720F}.Release|iPhoneSimulator.Build.0 = Release|Any CPU
		{67DBE533-24D2-4665-A597-35D33191720F}.Debug|iPhone.ActiveCfg = Debug|Any CPU
		{67DBE533-24D2-4665-A597-35D33191720F}.Debug|iPhone.Build.0 = Debug|Any CPU
		{F4D1C89B-DDF1-485E-B9AC-25612EFCF081}.Debug|Any CPU.ActiveCfg = Debug|iPhoneSimulator
		{F4D1C89B-DDF1-485E-B9AC-25612EFCF081}.Debug|Any CPU.Build.0 = Debug|iPhoneSimulator
		{F4D1C89B-DDF1-485E-B9AC-25612EFCF081}.Release|Any CPU.ActiveCfg = Release|iPhone
		{F4D1C89B-DDF1-485E-B9AC-25612EFCF081}.Release|Any CPU.Build.0 = Release|iPhone
		{F4D1C89B-DDF1-485E-B9AC-25612EFCF081}.Debug|iPhoneSimulator.ActiveCfg = Debug|iPhoneSimulator
		{F4D1C89B-DDF1-485E-B9AC-25612EFCF081}.Debug|iPhoneSimulator.Build.0 = Debug|iPhoneSimulator
		{F4D1C89B-DDF1-485E-B9AC-25612EFCF081}.Release|iPhone.ActiveCfg = Release|iPhone
		{F4D1C89B-DDF1-485E-B9AC-25612EFCF081}.Release|iPhone.Build.0 = Release|iPhone
		{F4D1C89B-DDF1-485E-B9AC-25612EFCF081}.Release|iPhoneSimulator.ActiveCfg = Release|iPhoneSimulator
		{F4D1C89B-DDF1-485E-B9AC-25612EFCF081}.Release|iPhoneSimulator.Build.0 = Release|iPhoneSimulator
		{F4D1C89B-DDF1-485E-B9AC-25612EFCF081}.Debug|iPhone.ActiveCfg = Debug|iPhone
		{F4D1C89B-DDF1-485E-B9AC-25612EFCF081}.Debug|iPhone.Build.0 = Debug|iPhone
		{F117B779-1DC7-4DF7-AE66-7670046CA49D}.Debug|Any CPU.ActiveCfg = Debug|Any CPU
		{F117B779-1DC7-4DF7-AE66-7670046CA49D}.Debug|Any CPU.Build.0 = Debug|Any CPU
		{F117B779-1DC7-4DF7-AE66-7670046CA49D}.Release|Any CPU.ActiveCfg = Release|Any CPU
		{F117B779-1DC7-4DF7-AE66-7670046CA49D}.Release|Any CPU.Build.0 = Release|Any CPU
		{F117B779-1DC7-4DF7-AE66-7670046CA49D}.Debug|iPhoneSimulator.ActiveCfg = Debug|Any CPU
		{F117B779-1DC7-4DF7-AE66-7670046CA49D}.Debug|iPhoneSimulator.Build.0 = Debug|Any CPU
		{F117B779-1DC7-4DF7-AE66-7670046CA49D}.Release|iPhone.ActiveCfg = Release|Any CPU
		{F117B779-1DC7-4DF7-AE66-7670046CA49D}.Release|iPhone.Build.0 = Release|Any CPU
		{F117B779-1DC7-4DF7-AE66-7670046CA49D}.Release|iPhoneSimulator.ActiveCfg = Release|Any CPU
		{F117B779-1DC7-4DF7-AE66-7670046CA49D}.Release|iPhoneSimulator.Build.0 = Release|Any CPU
		{F117B779-1DC7-4DF7-AE66-7670046CA49D}.Debug|iPhone.ActiveCfg = Debug|Any CPU
		{F117B779-1DC7-4DF7-AE66-7670046CA49D}.Debug|iPhone.Build.0 = Debug|Any CPU
	EndGlobalSection
EndGlobal
